// !$*UTF8*$!
{
	archiveVersion = 1;
	classes = {
	};
	objectVersion = 50;
	objects = {

/* Begin PBXBuildFile section */
		F2780A2024BD96F80001A11F /* MyNavigationView.swift in Sources */ = {isa = PBXBuildFile; fileRef = F2780A1F24BD96F80001A11F /* MyNavigationView.swift */; };
		F2780A2224BD9AF90001A11F /* MyProfileView.swift in Sources */ = {isa = PBXBuildFile; fileRef = F2780A2124BD9AF90001A11F /* MyProfileView.swift */; };
		F2780A2424BD9B440001A11F /* MyCircleImageView.swift in Sources */ = {isa = PBXBuildFile; fileRef = F2780A2324BD9B440001A11F /* MyCircleImageView.swift */; };
		F29352DD24B16B19009DFF04 /* AppDelegate.swift in Sources */ = {isa = PBXBuildFile; fileRef = F29352DC24B16B19009DFF04 /* AppDelegate.swift */; };
		F29352DF24B16B19009DFF04 /* SceneDelegate.swift in Sources */ = {isa = PBXBuildFile; fileRef = F29352DE24B16B19009DFF04 /* SceneDelegate.swift */; };
		F29352E124B16B19009DFF04 /* ContentView.swift in Sources */ = {isa = PBXBuildFile; fileRef = F29352E024B16B19009DFF04 /* ContentView.swift */; };
		F29352E324B16B1B009DFF04 /* Assets.xcassets in Resources */ = {isa = PBXBuildFile; fileRef = F29352E224B16B1B009DFF04 /* Assets.xcassets */; };
		F29352E624B16B1B009DFF04 /* Preview Assets.xcassets in Resources */ = {isa = PBXBuildFile; fileRef = F29352E524B16B1B009DFF04 /* Preview Assets.xcassets */; };
		F29352E924B16B1B009DFF04 /* LaunchScreen.storyboard in Resources */ = {isa = PBXBuildFile; fileRef = F29352E724B16B1B009DFF04 /* LaunchScreen.storyboard */; };
		F29352F124B16B61009DFF04 /* MyProjectCard.swift in Sources */ = {isa = PBXBuildFile; fileRef = F29352F024B16B61009DFF04 /* MyProjectCard.swift */; };
		F29352F324B16FA2009DFF04 /* MyBasicCard.swift in Sources */ = {isa = PBXBuildFile; fileRef = F29352F224B16FA2009DFF04 /* MyBasicCard.swift */; };
		F2AACB8324B96C5E003F86B1 /* MyCard.swift in Sources */ = {isa = PBXBuildFile; fileRef = F2AACB8224B96C5E003F86B1 /* MyCard.swift */; };
		F2D8FE5124BAC00500D9A608 /* MyList.swift in Sources */ = {isa = PBXBuildFile; fileRef = F2D8FE5024BAC00500D9A608 /* MyList.swift */; };
/* End PBXBuildFile section */

/* Begin PBXFileReference section */
		F2780A1F24BD96F80001A11F /* MyNavigationView.swift */ = {isa = PBXFileReference; lastKnownFileType = sourcecode.swift; path = MyNavigationView.swift; sourceTree = "<group>"; };
		F2780A2124BD9AF90001A11F /* MyProfileView.swift */ = {isa = PBXFileReference; lastKnownFileType = sourcecode.swift; path = MyProfileView.swift; sourceTree = "<group>"; };
		F2780A2324BD9B440001A11F /* MyCircleImageView.swift */ = {isa = PBXFileReference; lastKnownFileType = sourcecode.swift; path = MyCircleImageView.swift; sourceTree = "<group>"; };
		F29352D924B16B19009DFF04 /* SwiftUI_stack_pratice_tutorial.app */ = {isa = PBXFileReference; explicitFileType = wrapper.application; includeInIndex = 0; path = SwiftUI_stack_pratice_tutorial.app; sourceTree = BUILT_PRODUCTS_DIR; };
		F29352DC24B16B19009DFF04 /* AppDelegate.swift */ = {isa = PBXFileReference; lastKnownFileType = sourcecode.swift; path = AppDelegate.swift; sourceTree = "<group>"; };
		F29352DE24B16B19009DFF04 /* SceneDelegate.swift */ = {isa = PBXFileReference; lastKnownFileType = sourcecode.swift; path = SceneDelegate.swift; sourceTree = "<group>"; };
		F29352E024B16B19009DFF04 /* ContentView.swift */ = {isa = PBXFileReference; lastKnownFileType = sourcecode.swift; path = ContentView.swift; sourceTree = "<group>"; };
		F29352E224B16B1B009DFF04 /* Assets.xcassets */ = {isa = PBXFileReference; lastKnownFileType = folder.assetcatalog; path = Assets.xcassets; sourceTree = "<group>"; };
		F29352E524B16B1B009DFF04 /* Preview Assets.xcassets */ = {isa = PBXFileReference; lastKnownFileType = folder.assetcatalog; path = "Preview Assets.xcassets"; sourceTree = "<group>"; };
		F29352E824B16B1B009DFF04 /* Base */ = {isa = PBXFileReference; lastKnownFileType = file.storyboard; name = Base; path = Base.lproj/LaunchScreen.storyboard; sourceTree = "<group>"; };
		F29352EA24B16B1B009DFF04 /* Info.plist */ = {isa = PBXFileReference; lastKnownFileType = text.plist.xml; path = Info.plist; sourceTree = "<group>"; };
		F29352F024B16B61009DFF04 /* MyProjectCard.swift */ = {isa = PBXFileReference; lastKnownFileType = sourcecode.swift; path = MyProjectCard.swift; sourceTree = "<group>"; };
		F29352F224B16FA2009DFF04 /* MyBasicCard.swift */ = {isa = PBXFileReference; lastKnownFileType = sourcecode.swift; path = MyBasicCard.swift; sourceTree = "<group>"; };
		F2AACB8224B96C5E003F86B1 /* MyCard.swift */ = {isa = PBXFileReference; lastKnownFileType = sourcecode.swift; path = MyCard.swift; sourceTree = "<group>"; };
		F2D8FE5024BAC00500D9A608 /* MyList.swift */ = {isa = PBXFileReference; lastKnownFileType = sourcecode.swift; path = MyList.swift; sourceTree = "<group>"; };
/* End PBXFileReference section */

/* Begin PBXFrameworksBuildPhase section */
		F29352D624B16B19009DFF04 /* Frameworks */ = {
			isa = PBXFrameworksBuildPhase;
			buildActionMask = 2147483647;
			files = (
			);
			runOnlyForDeploymentPostprocessing = 0;
		};
/* End PBXFrameworksBuildPhase section */

/* Begin PBXGroup section */
		F29352D024B16B19009DFF04 = {
			isa = PBXGroup;
			children = (
				F29352DB24B16B19009DFF04 /* SwiftUI_stack_pratice_tutorial */,
				F29352DA24B16B19009DFF04 /* Products */,
			);
			sourceTree = "<group>";
		};
		F29352DA24B16B19009DFF04 /* Products */ = {
			isa = PBXGroup;
			children = (
				F29352D924B16B19009DFF04 /* SwiftUI_stack_pratice_tutorial.app */,
			);
			name = Products;
			sourceTree = "<group>";
		};
		F29352DB24B16B19009DFF04 /* SwiftUI_stack_pratice_tutorial */ = {
			isa = PBXGroup;
			children = (
				F29352DC24B16B19009DFF04 /* AppDelegate.swift */,
				F29352DE24B16B19009DFF04 /* SceneDelegate.swift */,
				F29352E024B16B19009DFF04 /* ContentView.swift */,
				F29352F024B16B61009DFF04 /* MyProjectCard.swift */,
				F2780A2124BD9AF90001A11F /* MyProfileView.swift */,
				F2780A2324BD9B440001A11F /* MyCircleImageView.swift */,
				F29352F224B16FA2009DFF04 /* MyBasicCard.swift */,
				F2AACB8224B96C5E003F86B1 /* MyCard.swift */,
				F2D8FE5024BAC00500D9A608 /* MyList.swift */,
				F2780A1F24BD96F80001A11F /* MyNavigationView.swift */,
				F29352E224B16B1B009DFF04 /* Assets.xcassets */,
				F29352E724B16B1B009DFF04 /* LaunchScreen.storyboard */,
				F29352EA24B16B1B009DFF04 /* Info.plist */,
				F29352E424B16B1B009DFF04 /* Preview Content */,
			);
			path = SwiftUI_stack_pratice_tutorial;
			sourceTree = "<group>";
		};
		F29352E424B16B1B009DFF04 /* Preview Content */ = {
			isa = PBXGroup;
			children = (
				F29352E524B16B1B009DFF04 /* Preview Assets.xcassets */,
			);
			path = "Preview Content";
			sourceTree = "<group>";
		};
/* End PBXGroup section */

/* Begin PBXNativeTarget section */
		F29352D824B16B19009DFF04 /* SwiftUI_stack_pratice_tutorial */ = {
			isa = PBXNativeTarget;
			buildConfigurationList = F29352ED24B16B1B009DFF04 /* Build configuration list for PBXNativeTarget "SwiftUI_stack_pratice_tutorial" */;
			buildPhases = (
				F29352D524B16B19009DFF04 /* Sources */,
				F29352D624B16B19009DFF04 /* Frameworks */,
				F29352D724B16B19009DFF04 /* Resources */,
			);
			buildRules = (
			);
			dependencies = (
			);
			name = SwiftUI_stack_pratice_tutorial;
			productName = SwiftUI_stack_pratice_tutorial;
			productReference = F29352D924B16B19009DFF04 /* SwiftUI_stack_pratice_tutorial.app */;
			productType = "com.apple.product-type.application";
		};
/* End PBXNativeTarget section */

/* Begin PBXProject section */
		F29352D124B16B19009DFF04 /* Project object */ = {
			isa = PBXProject;
			attributes = {
				LastSwiftUpdateCheck = 1150;
				LastUpgradeCheck = 1150;
				ORGANIZATIONNAME = Tuentuenna;
				TargetAttributes = {
					F29352D824B16B19009DFF04 = {
						CreatedOnToolsVersion = 11.5;
					};
				};
			};
			buildConfigurationList = F29352D424B16B19009DFF04 /* Build configuration list for PBXProject "SwiftUI_stack_pratice_tutorial" */;
			compatibilityVersion = "Xcode 9.3";
			developmentRegion = en;
			hasScannedForEncodings = 0;
			knownRegions = (
				en,
				Base,
			);
			mainGroup = F29352D024B16B19009DFF04;
			productRefGroup = F29352DA24B16B19009DFF04 /* Products */;
			projectDirPath = "";
			projectRoot = "";
			targets = (
				F29352D824B16B19009DFF04 /* SwiftUI_stack_pratice_tutorial */,
			);
		};
/* End PBXProject section */

/* Begin PBXResourcesBuildPhase section */
		F29352D724B16B19009DFF04 /* Resources */ = {
			isa = PBXResourcesBuildPhase;
			buildActionMask = 2147483647;
			files = (
				F29352E924B16B1B009DFF04 /* LaunchScreen.storyboard in Resources */,
				F29352E624B16B1B009DFF04 /* Preview Assets.xcassets in Resources */,
				F29352E324B16B1B009DFF04 /* Assets.xcassets in Resources */,
			);
			runOnlyForDeploymentPostprocessing = 0;
		};
/* End PBXResourcesBuildPhase section */

/* Begin PBXSourcesBuildPhase section */
		F29352D524B16B19009DFF04 /* Sources */ = {
			isa = PBXSourcesBuildPhase;
			buildActionMask = 2147483647;
			files = (
				F2780A2424BD9B440001A11F /* MyCircleImageView.swift in Sources */,
				F29352DD24B16B19009DFF04 /* AppDelegate.swift in Sources */,
				F2780A2224BD9AF90001A11F /* MyProfileView.swift in Sources */,
				F29352F324B16FA2009DFF04 /* MyBasicCard.swift in Sources */,
				F2780A2024BD96F80001A11F /* MyNavigationView.swift in Sources */,
				F29352F124B16B61009DFF04 /* MyProjectCard.swift in Sources */,
				F29352DF24B16B19009DFF04 /* SceneDelegate.swift in Sources */,
				F29352E124B16B19009DFF04 /* ContentView.swift in Sources */,
				F2D8FE5124BAC00500D9A608 /* MyList.swift in Sources */,
				F2AACB8324B96C5E003F86B1 /* MyCard.swift in Sources */,
			);
			runOnlyForDeploymentPostprocessing = 0;
		};
/* End PBXSourcesBuildPhase section */

/* Begin PBXVariantGroup section */
		F29352E724B16B1B009DFF04 /* LaunchScreen.storyboard */ = {
			isa = PBXVariantGroup;
			children = (
				F29352E824B16B1B009DFF04 /* Base */,
			);
			name = LaunchScreen.storyboard;
			sourceTree = "<group>";
		};
/* End PBXVariantGroup section */

/* Begin XCBuildConfiguration section */
		F29352EB24B16B1B009DFF04 /* Debug */ = {
			isa = XCBuildConfiguration;
			buildSettings = {
				ALWAYS_SEARCH_USER_PATHS = NO;
				CLANG_ANALYZER_NONNULL = YES;
				CLANG_ANALYZER_NUMBER_OBJECT_CONVERSION = YES_AGGRESSIVE;
				CLANG_CXX_LANGUAGE_STANDARD = "gnu++14";
				CLANG_CXX_LIBRARY = "libc++";
				CLANG_ENABLE_MODULES = YES;
				CLANG_ENABLE_OBJC_ARC = YES;
				CLANG_ENABLE_OBJC_WEAK = YES;
				CLANG_WARN_BLOCK_CAPTURE_AUTORELEASING = YES;
				CLANG_WARN_BOOL_CONVERSION = YES;
				CLANG_WARN_COMMA = YES;
				CLANG_WARN_CONSTANT_CONVERSION = YES;
				CLANG_WARN_DEPRECATED_OBJC_IMPLEMENTATIONS = YES;
				CLANG_WARN_DIRECT_OBJC_ISA_USAGE = YES_ERROR;
				CLANG_WARN_DOCUMENTATION_COMMENTS = YES;
				CLANG_WARN_EMPTY_BODY = YES;
				CLANG_WARN_ENUM_CONVERSION = YES;
				CLANG_WARN_INFINITE_RECURSION = YES;
				CLANG_WARN_INT_CONVERSION = YES;
				CLANG_WARN_NON_LITERAL_NULL_CONVERSION = YES;
				CLANG_WARN_OBJC_IMPLICIT_RETAIN_SELF = YES;
				CLANG_WARN_OBJC_LITERAL_CONVERSION = YES;
				CLANG_WARN_OBJC_ROOT_CLASS = YES_ERROR;
				CLANG_WARN_RANGE_LOOP_ANALYSIS = YES;
				CLANG_WARN_STRICT_PROTOTYPES = YES;
				CLANG_WARN_SUSPICIOUS_MOVE = YES;
				CLANG_WARN_UNGUARDED_AVAILABILITY = YES_AGGRESSIVE;
				CLANG_WARN_UNREACHABLE_CODE = YES;
				CLANG_WARN__DUPLICATE_METHOD_MATCH = YES;
				COPY_PHASE_STRIP = NO;
				DEBUG_INFORMATION_FORMAT = dwarf;
				ENABLE_STRICT_OBJC_MSGSEND = YES;
				ENABLE_TESTABILITY = YES;
				GCC_C_LANGUAGE_STANDARD = gnu11;
				GCC_DYNAMIC_NO_PIC = NO;
				GCC_NO_COMMON_BLOCKS = YES;
				GCC_OPTIMIZATION_LEVEL = 0;
				GCC_PREPROCESSOR_DEFINITIONS = (
					"DEBUG=1",
					"$(inherited)",
				);
				GCC_WARN_64_TO_32_BIT_CONVERSION = YES;
				GCC_WARN_ABOUT_RETURN_TYPE = YES_ERROR;
				GCC_WARN_UNDECLARED_SELECTOR = YES;
				GCC_WARN_UNINITIALIZED_AUTOS = YES_AGGRESSIVE;
				GCC_WARN_UNUSED_FUNCTION = YES;
				GCC_WARN_UNUSED_VARIABLE = YES;
				IPHONEOS_DEPLOYMENT_TARGET = 13.5;
				MTL_ENABLE_DEBUG_INFO = INCLUDE_SOURCE;
				MTL_FAST_MATH = YES;
				ONLY_ACTIVE_ARCH = YES;
				SDKROOT = iphoneos;
				SWIFT_ACTIVE_COMPILATION_CONDITIONS = DEBUG;
				SWIFT_OPTIMIZATION_LEVEL = "-Onone";
			};
			name = Debug;
		};
		F29352EC24B16B1B009DFF04 /* Release */ = {
			isa = XCBuildConfiguration;
			buildSettings = {
				ALWAYS_SEARCH_USER_PATHS = NO;
				CLANG_ANALYZER_NONNULL = YES;
				CLANG_ANALYZER_NUMBER_OBJECT_CONVERSION = YES_AGGRESSIVE;
				CLANG_CXX_LANGUAGE_STANDARD = "gnu++14";
				CLANG_CXX_LIBRARY = "libc++";
				CLANG_ENABLE_MODULES = YES;
				CLANG_ENABLE_OBJC_ARC = YES;
				CLANG_ENABLE_OBJC_WEAK = YES;
				CLANG_WARN_BLOCK_CAPTURE_AUTORELEASING = YES;
				CLANG_WARN_BOOL_CONVERSION = YES;
				CLANG_WARN_COMMA = YES;
				CLANG_WARN_CONSTANT_CONVERSION = YES;
				CLANG_WARN_DEPRECATED_OBJC_IMPLEMENTATIONS = YES;
				CLANG_WARN_DIRECT_OBJC_ISA_USAGE = YES_ERROR;
				CLANG_WARN_DOCUMENTATION_COMMENTS = YES;
				CLANG_WARN_EMPTY_BODY = YES;
				CLANG_WARN_ENUM_CONVERSION = YES;
				CLANG_WARN_INFINITE_RECURSION = YES;
				CLANG_WARN_INT_CONVERSION = YES;
				CLANG_WARN_NON_LITERAL_NULL_CONVERSION = YES;
				CLANG_WARN_OBJC_IMPLICIT_RETAIN_SELF = YES;
				CLANG_WARN_OBJC_LITERAL_CONVERSION = YES;
				CLANG_WARN_OBJC_ROOT_CLASS = YES_ERROR;
				CLANG_WARN_RANGE_LOOP_ANALYSIS = YES;
				CLANG_WARN_STRICT_PROTOTYPES = YES;
				CLANG_WARN_SUSPICIOUS_MOVE = YES;
				CLANG_WARN_UNGUARDED_AVAILABILITY = YES_AGGRESSIVE;
				CLANG_WARN_UNREACHABLE_CODE = YES;
				CLANG_WARN__DUPLICATE_METHOD_MATCH = YES;
				COPY_PHASE_STRIP = NO;
				DEBUG_INFORMATION_FORMAT = "dwarf-with-dsym";
				ENABLE_NS_ASSERTIONS = NO;
				ENABLE_STRICT_OBJC_MSGSEND = YES;
				GCC_C_LANGUAGE_STANDARD = gnu11;
				GCC_NO_COMMON_BLOCKS = YES;
				GCC_WARN_64_TO_32_BIT_CONVERSION = YES;
				GCC_WARN_ABOUT_RETURN_TYPE = YES_ERROR;
				GCC_WARN_UNDECLARED_SELECTOR = YES;
				GCC_WARN_UNINITIALIZED_AUTOS = YES_AGGRESSIVE;
				GCC_WARN_UNUSED_FUNCTION = YES;
				GCC_WARN_UNUSED_VARIABLE = YES;
				IPHONEOS_DEPLOYMENT_TARGET = 13.5;
				MTL_ENABLE_DEBUG_INFO = NO;
				MTL_FAST_MATH = YES;
				SDKROOT = iphoneos;
				SWIFT_COMPILATION_MODE = wholemodule;
				SWIFT_OPTIMIZATION_LEVEL = "-O";
				VALIDATE_PRODUCT = YES;
			};
			name = Release;
		};
		F29352EE24B16B1B009DFF04 /* Debug */ = {
			isa = XCBuildConfiguration;
			buildSettings = {
				ASSETCATALOG_COMPILER_APPICON_NAME = AppIcon;
				CODE_SIGN_STYLE = Automatic;
				DEVELOPMENT_ASSET_PATHS = "\"SwiftUI_stack_pratice_tutorial/Preview Content\"";
				DEVELOPMENT_TEAM = 67XDG42679;
				ENABLE_PREVIEWS = YES;
				INFOPLIST_FILE = SwiftUI_stack_pratice_tutorial/Info.plist;
				LD_RUNPATH_SEARCH_PATHS = (
					"$(inherited)",
					"@executable_path/Frameworks",
				);
				PRODUCT_BUNDLE_IDENTIFIER = "com.tuentuenna.SwiftUI-stack-pratice-tutorial";
				PRODUCT_NAME = "$(TARGET_NAME)";
				SWIFT_VERSION = 5.0;
				TARGETED_DEVICE_FAMILY = "1,2";
			};
			name = Debug;
		};
		F29352EF24B16B1B009DFF04 /* Release */ = {
			isa = XCBuildConfiguration;
			buildSettings = {
				ASSETCATALOG_COMPILER_APPICON_NAME = AppIcon;
				CODE_SIGN_STYLE = Automatic;
				DEVELOPMENT_ASSET_PATHS = "\"SwiftUI_stack_pratice_tutorial/Preview Content\"";
				DEVELOPMENT_TEAM = 67XDG42679;
				ENABLE_PREVIEWS = YES;
				INFOPLIST_FILE = SwiftUI_stack_pratice_tutorial/Info.plist;
				LD_RUNPATH_SEARCH_PATHS = (
					"$(inherited)",
					"@executable_path/Frameworks",
				);
				PRODUCT_BUNDLE_IDENTIFIER = "com.tuentuenna.SwiftUI-stack-pratice-tutorial";
				PRODUCT_NAME = "$(TARGET_NAME)";
				SWIFT_VERSION = 5.0;
				TARGETED_DEVICE_FAMILY = "1,2";
			};
			name = Release;
		};
/* End XCBuildConfiguration section */

/* Begin XCConfigurationList section */
		F29352D424B16B19009DFF04 /* Build configuration list for PBXProject "SwiftUI_stack_pratice_tutorial" */ = {
			isa = XCConfigurationList;
			buildConfigurations = (
				F29352EB24B16B1B009DFF04 /* Debug */,
				F29352EC24B16B1B009DFF04 /* Release */,
			);
			defaultConfigurationIsVisible = 0;
			defaultConfigurationName = Release;
		};
		F29352ED24B16B1B009DFF04 /* Build configuration list for PBXNativeTarget "SwiftUI_stack_pratice_tutorial" */ = {
			isa = XCConfigurationList;
			buildConfigurations = (
				F29352EE24B16B1B009DFF04 /* Debug */,
				F29352EF24B16B1B009DFF04 /* Release */,
			);
			defaultConfigurationIsVisible = 0;
			defaultConfigurationName = Release;
		};
/* End XCConfigurationList section */
	};
	rootObject = F29352D124B16B19009DFF04 /* Project object */;
}
